<?xml version="1.0" encoding="utf-8"?>
<Project ToolsVersion="4.0" xmlns="http://schemas.microsoft.com/developer/msbuild/2003">
  <ItemGroup>
    <ClCompile Include="beartiger.cpp" />
    <ClCompile Include="stdafx.cpp" />
  </ItemGroup>
  <ItemGroup>
    <ClInclude Include="beartiger.h" />
    <ClInclude Include="Resource.h" />
    <ClInclude Include="stdafx.h" />
    <ClInclude Include="targetver.h" />
  </ItemGroup>
  <ItemGroup>
    <ResourceCompile Include="beartiger.rc" />
  </ItemGroup>
  <ItemGroup>
    <Image Include="background_day.bmp" />
    <Image Include="beartiger.ico" />
    <Image Include="bear_attack1.bmp" />
    <Image Include="bear_attack2.bmp" />
    <Image Include="bear_attack3.bmp" />
    <Image Include="bear_attack4.bmp" />
    <Image Include="bear_attack5.bmp" />
    <Image Include="bear_attack6.bmp" />
    <Image Include="bear_walk1.bmp" />
    <Image Include="bear_walk2.bmp" />
    <Image Include="bear_walk3.bmp" />
    <Image Include="bear_walk4.bmp" />
    <Image Include="bear_walk5.bmp" />
    <Image Include="bear_walk6.bmp" />
    <Image Include="garlicssuk.bmp" />
    <Image Include="small.ico" />
    <Image Include="tiger_Attack1.bmp" />
    <Image Include="tiger_Attack2.bmp" />
    <Image Include="tiger_Attack3.bmp" />
    <Image Include="tiger_Attack4.bmp" />
    <Image Include="tiger_Walk1.bmp" />
    <Image Include="tiger_Walk2.bmp" />
    <Image Include="tiger_Walk3.bmp" />
    <Image Include="tiger_Walk4.bmp" />
    <Image Include="tiger_Walk5.bmp" />
    <Image Include="tiger_Walk6.bmp" />
    <Image Include="tiger_Attack5.bmp" />
    <Image Include="tiger_Attack6.bmp" />
    <Image Include="bear_walk7.bmp" />
    <Image Include="bear_walk8.bmp" />
    <Image Include="bear_walk9.bmp" />
    <Image Include="bear_walk10.bmp" />
    <Image Include="bear_walk11.bmp" />
    <Image Include="bear_walk12.bmp" />
    <Image Include="bear_attack7.bmp" />
    <Image Include="bear_attack8.bmp" />
    <Image Include="bear_attack9.bmp" />
    <Image Include="bear_attack10.bmp" />
    <Image Include="bear_attack11.bmp" />
    <Image Include="bear_attack12.bmp" />
    <Image Include="tiger_Walk7.bmp" />
    <Image Include="tiger_Walk8.bmp" />
    <Image Include="tiger_Walk9.bmp" />
    <Image Include="tiger_Walk10.bmp" />
    <Image Include="tiger_Walk11.bmp" />
    <Image Include="tiger_Walk12.bmp" />
    <Image Include="tiger_Attack7.bmp" />
    <Image Include="tiger_Attack8.bmp" />
    <Image Include="tiger_Attack9.bmp" />
    <Image Include="tiger_Attack10.bmp" />
    <Image Include="tiger_Attack11.bmp" />
    <Image Include="tiger_Attack12.bmp" />
    <Image Include="m3.bmp" />
    <Image Include="m4.bmp" />
    <Image Include="m5.bmp" />
    <Image Include="m6.bmp" />
    <Image Include="m7.bmp" />
    <Image Include="m8.bmp">
      <Filter>NewFilter1</Filter>
    </Image>
  </ItemGroup>
  <ItemGroup>
    <Filter Include="NewFilter1">
      <UniqueIdentifier>{5d2d9d03-ea76-4229-bef5-97be8aa2e38f}</UniqueIdentifier>
    </Filter>
  </ItemGroup>
</Project>