<?xml version="1.0" encoding="utf-8"?>
<Project ToolsVersion="4.0" xmlns="http://schemas.microsoft.com/developer/msbuild/2003">
  <ItemGroup>
    <ClCompile Include="beartiger.cpp" />
    <ClCompile Include="Sound.cpp" />
    <ClCompile Include="stdafx.cpp" />
  </ItemGroup>
  <ItemGroup>
    <ClInclude Include="beartiger.h" />
    <ClInclude Include="Resource.h" />
    <ClInclude Include="Sound.h" />
    <ClInclude Include="stdafx.h" />
    <ClInclude Include="targetver.h" />
  </ItemGroup>
  <ItemGroup>
    <ResourceCompile Include="beartiger.rc" />
  </ItemGroup>
  <ItemGroup>
    <Image Include="..\..\..\..\Desktop\딱따구리\bear\bear_feed1.bmp" />
    <Image Include="..\..\..\..\Desktop\딱따구리\bear\bear_feed10.bmp" />
    <Image Include="..\..\..\..\Desktop\딱따구리\bear\bear_feed11.bmp" />
    <Image Include="..\..\..\..\Desktop\딱따구리\bear\bear_feed12.bmp" />
    <Image Include="..\..\..\..\Desktop\딱따구리\bear\bear_feed2.bmp" />
    <Image Include="..\..\..\..\Desktop\딱따구리\bear\bear_feed3.bmp" />
    <Image Include="..\..\..\..\Desktop\딱따구리\bear\bear_feed4.bmp" />
    <Image Include="..\..\..\..\Desktop\딱따구리\bear\bear_feed5.bmp" />
    <Image Include="..\..\..\..\Desktop\딱따구리\bear\bear_feed6.bmp" />
    <Image Include="..\..\..\..\Desktop\딱따구리\bear\bear_feed7.bmp" />
    <Image Include="..\..\..\..\Desktop\딱따구리\bear\bear_feed8.bmp" />
    <Image Include="..\..\..\..\Desktop\딱따구리\bear\bear_feed9.bmp" />
    <Image Include="background_day.bmp" />
    <Image Include="beartiger.ico" />
    <Image Include="bear_attack1.bmp" />
    <Image Include="bear_attack10.bmp" />
    <Image Include="bear_attack11.bmp" />
    <Image Include="bear_attack12.bmp" />
    <Image Include="bear_attack2.bmp" />
    <Image Include="bear_attack3.bmp" />
    <Image Include="bear_attack4.bmp" />
    <Image Include="bear_attack5.bmp" />
    <Image Include="bear_attack6.bmp" />
    <Image Include="bear_attack7.bmp" />
    <Image Include="bear_attack8.bmp" />
    <Image Include="bear_attack9.bmp" />
    <Image Include="bear_feed1.bmp" />
    <Image Include="bear_feed10.bmp" />
    <Image Include="bear_feed11.bmp" />
    <Image Include="bear_feed12.bmp" />
    <Image Include="bear_feed2.bmp" />
    <Image Include="bear_feed3.bmp" />
    <Image Include="bear_feed4.bmp" />
    <Image Include="bear_feed5.bmp" />
    <Image Include="bear_feed6.bmp" />
    <Image Include="bear_feed7.bmp" />
    <Image Include="bear_feed8.bmp" />
    <Image Include="bear_feed9.bmp" />
    <Image Include="bear_walk1.bmp" />
    <Image Include="bear_walk10.bmp" />
    <Image Include="bear_walk11.bmp" />
    <Image Include="bear_walk12.bmp" />
    <Image Include="bear_walk2.bmp" />
    <Image Include="bear_walk3.bmp" />
    <Image Include="bear_walk4.bmp" />
    <Image Include="bear_walk5.bmp" />
    <Image Include="bear_walk6.bmp" />
    <Image Include="bear_walk7.bmp" />
    <Image Include="bear_walk8.bmp" />
    <Image Include="bear_walk9.bmp" />
    <Image Include="garlicssuk.bmp" />
    <Image Include="m3.bmp" />
    <Image Include="m3_left.bmp" />
    <Image Include="m4.bmp" />
    <Image Include="m4_left.bmp" />
    <Image Include="m5.bmp" />
    <Image Include="m5_left.bmp" />
    <Image Include="m6.bmp" />
    <Image Include="m6_left.bmp" />
    <Image Include="m7.bmp" />
    <Image Include="m7_left.bmp" />
    <Image Include="m8.bmp" />
    <Image Include="m8_left.bmp" />
    <Image Include="small.ico" />
    <Image Include="tiger_Attack1.bmp" />
    <Image Include="tiger_Attack10.bmp" />
    <Image Include="tiger_Attack11.bmp" />
    <Image Include="tiger_Attack12.bmp" />
    <Image Include="tiger_Attack2.bmp" />
    <Image Include="tiger_Attack3.bmp" />
    <Image Include="tiger_Attack4.bmp" />
    <Image Include="tiger_Attack5.bmp" />
    <Image Include="tiger_Attack6.bmp" />
    <Image Include="tiger_Attack7.bmp" />
    <Image Include="tiger_Attack8.bmp" />
    <Image Include="tiger_Attack9.bmp" />
    <Image Include="tiger_feed1.bmp" />
    <Image Include="tiger_feed10.bmp" />
    <Image Include="tiger_feed11.bmp" />
    <Image Include="tiger_feed12.bmp" />
    <Image Include="tiger_feed2.bmp" />
    <Image Include="tiger_feed3.bmp" />
    <Image Include="tiger_feed4.bmp" />
    <Image Include="tiger_feed5.bmp" />
    <Image Include="tiger_feed6.bmp" />
    <Image Include="tiger_feed7.bmp" />
    <Image Include="tiger_feed8.bmp" />
    <Image Include="tiger_feed9.bmp" />
    <Image Include="tiger_Walk1.bmp" />
    <Image Include="tiger_Walk10.bmp" />
    <Image Include="tiger_Walk11.bmp" />
    <Image Include="tiger_Walk12.bmp" />
    <Image Include="tiger_Walk2.bmp" />
    <Image Include="tiger_Walk3.bmp" />
    <Image Include="tiger_Walk4.bmp" />
    <Image Include="tiger_Walk5.bmp" />
    <Image Include="tiger_Walk6.bmp" />
    <Image Include="tiger_Walk7.bmp" />
    <Image Include="tiger_Walk8.bmp" />
    <Image Include="tiger_Walk9.bmp" />
    <Image Include="bear_damage1.bmp" />
    <Image Include="bear_damage2.bmp" />
  </ItemGroup>
</Project>